// !$*UTF8*$!
{
	archiveVersion = 1;
	classes = {
	};
	objectVersion = 77;
	objects = {

/* Begin PBXBuildFile section */
		9B0517482D18F12A00ECCA06 /* FirebaseAnalytics in Frameworks */ = {isa = PBXBuildFile; productRef = 9B0517472D18F12A00ECCA06 /* FirebaseAnalytics */; };
		9B05174A2D18F12A00ECCA06 /* FirebaseAnalyticsOnDeviceConversion in Frameworks */ = {isa = PBXBuildFile; productRef = 9B0517492D18F12A00ECCA06 /* FirebaseAnalyticsOnDeviceConversion */; };
		9B05174C2D18F12A00ECCA06 /* FirebaseAnalyticsWithoutAdIdSupport in Frameworks */ = {isa = PBXBuildFile; productRef = 9B05174B2D18F12A00ECCA06 /* FirebaseAnalyticsWithoutAdIdSupport */; };
		9B05174E2D18F12A00ECCA06 /* FirebaseAppCheck in Frameworks */ = {isa = PBXBuildFile; productRef = 9B05174D2D18F12A00ECCA06 /* FirebaseAppCheck */; };
		9B0517502D18F12A00ECCA06 /* FirebaseAppDistribution-Beta in Frameworks */ = {isa = PBXBuildFile; productRef = 9B05174F2D18F12A00ECCA06 /* FirebaseAppDistribution-Beta */; };
		9B0517522D18F28F00ECCA06 /* FirebaseAuth in Frameworks */ = {isa = PBXBuildFile; productRef = 9B0517512D18F28F00ECCA06 /* FirebaseAuth */; };
		9B0517542D18F28F00ECCA06 /* FirebaseAuthCombine-Community in Frameworks */ = {isa = PBXBuildFile; productRef = 9B0517532D18F28F00ECCA06 /* FirebaseAuthCombine-Community */; };
		9B0517562D18F28F00ECCA06 /* FirebaseCore in Frameworks */ = {isa = PBXBuildFile; productRef = 9B0517552D18F28F00ECCA06 /* FirebaseCore */; };
		9B0517582D18F28F00ECCA06 /* FirebaseCrashlytics in Frameworks */ = {isa = PBXBuildFile; productRef = 9B0517572D18F28F00ECCA06 /* FirebaseCrashlytics */; };
		9B05175A2D18F28F00ECCA06 /* FirebaseDatabase in Frameworks */ = {isa = PBXBuildFile; productRef = 9B0517592D18F28F00ECCA06 /* FirebaseDatabase */; };
		9B05175C2D18F28F00ECCA06 /* FirebaseDynamicLinks in Frameworks */ = {isa = PBXBuildFile; productRef = 9B05175B2D18F28F00ECCA06 /* FirebaseDynamicLinks */; };
		9B05175E2D18F28F00ECCA06 /* FirebaseFirestore in Frameworks */ = {isa = PBXBuildFile; productRef = 9B05175D2D18F28F00ECCA06 /* FirebaseFirestore */; };
		9B0517602D18F28F00ECCA06 /* FirebaseFirestoreCombine-Community in Frameworks */ = {isa = PBXBuildFile; productRef = 9B05175F2D18F28F00ECCA06 /* FirebaseFirestoreCombine-Community */; };
		9B0517622D18F28F00ECCA06 /* FirebaseFunctions in Frameworks */ = {isa = PBXBuildFile; productRef = 9B0517612D18F28F00ECCA06 /* FirebaseFunctions */; };
		9B0517642D18F28F00ECCA06 /* FirebaseFunctionsCombine-Community in Frameworks */ = {isa = PBXBuildFile; productRef = 9B0517632D18F28F00ECCA06 /* FirebaseFunctionsCombine-Community */; };
		9B0517662D18F28F00ECCA06 /* FirebaseInAppMessaging-Beta in Frameworks */ = {isa = PBXBuildFile; productRef = 9B0517652D18F28F00ECCA06 /* FirebaseInAppMessaging-Beta */; };
		9B0517682D18F28F00ECCA06 /* FirebaseInstallations in Frameworks */ = {isa = PBXBuildFile; productRef = 9B0517672D18F28F00ECCA06 /* FirebaseInstallations */; };
		9B05176A2D18F28F00ECCA06 /* FirebaseMLModelDownloader in Frameworks */ = {isa = PBXBuildFile; productRef = 9B0517692D18F28F00ECCA06 /* FirebaseMLModelDownloader */; };
		9B05176C2D18F28F00ECCA06 /* FirebaseMessaging in Frameworks */ = {isa = PBXBuildFile; productRef = 9B05176B2D18F28F00ECCA06 /* FirebaseMessaging */; };
		9B05176E2D18F28F00ECCA06 /* FirebasePerformance in Frameworks */ = {isa = PBXBuildFile; productRef = 9B05176D2D18F28F00ECCA06 /* FirebasePerformance */; };
		9B0517702D18F28F00ECCA06 /* FirebaseRemoteConfig in Frameworks */ = {isa = PBXBuildFile; productRef = 9B05176F2D18F28F00ECCA06 /* FirebaseRemoteConfig */; };
		9B0517722D18F28F00ECCA06 /* FirebaseStorage in Frameworks */ = {isa = PBXBuildFile; productRef = 9B0517712D18F28F00ECCA06 /* FirebaseStorage */; };
		9B0517742D18F28F00ECCA06 /* FirebaseStorageCombine-Community in Frameworks */ = {isa = PBXBuildFile; productRef = 9B0517732D18F28F00ECCA06 /* FirebaseStorageCombine-Community */; };
		9B0517762D18F28F00ECCA06 /* FirebaseVertexAI in Frameworks */ = {isa = PBXBuildFile; productRef = 9B0517752D18F28F00ECCA06 /* FirebaseVertexAI */; };
		9B0517792D18F35900ECCA06 /* GoogleSignIn in Frameworks */ = {isa = PBXBuildFile; productRef = 9B0517782D18F35900ECCA06 /* GoogleSignIn */; };
		9B05177B2D18F35900ECCA06 /* GoogleSignInSwift in Frameworks */ = {isa = PBXBuildFile; productRef = 9B05177A2D18F35900ECCA06 /* GoogleSignInSwift */; };
		9B32DDDF2D261073006A7918 /* Preview Assets.xcassets in Resources */ = {isa = PBXBuildFile; fileRef = 9B32DDC52D261073006A7918 /* Preview Assets.xcassets */; };
		9B32DDE02D261073006A7918 /* GoogleService-Info.plist in Resources */ = {isa = PBXBuildFile; fileRef = 9B32DDD02D261073006A7918 /* GoogleService-Info.plist */; };
		9B32DDE12D261073006A7918 /* Assets.xcassets in Resources */ = {isa = PBXBuildFile; fileRef = 9B32DDC82D261073006A7918 /* Assets.xcassets */; };
		9B32DDE22D261073006A7918 /* GroupDetailView.swift in Sources */ = {isa = PBXBuildFile; fileRef = 9B32DDD42D261073006A7918 /* GroupDetailView.swift */; };
		9B32DDE32D261073006A7918 /* StudentCatalogView.swift in Sources */ = {isa = PBXBuildFile; fileRef = 9B32DDDB2D261073006A7918 /* StudentCatalogView.swift */; };
		9B32DDE42D261073006A7918 /* ContentView.swift in Sources */ = {isa = PBXBuildFile; fileRef = 9B32DDCC2D261073006A7918 /* ContentView.swift */; };
		9B32DDE52D261073006A7918 /* DashboardView.swift in Sources */ = {isa = PBXBuildFile; fileRef = 9B32DDCE2D261073006A7918 /* DashboardView.swift */; };
		9B32DDE62D261073006A7918 /* HomeView.swift in Sources */ = {isa = PBXBuildFile; fileRef = 9B32DDD52D261073006A7918 /* HomeView.swift */; };
		9B32DDE72D261073006A7918 /* CreateAccountView.swift in Sources */ = {isa = PBXBuildFile; fileRef = 9B32DDCD2D261073006A7918 /* CreateAccountView.swift */; };
		9B32DDE82D261073006A7918 /* RoleSelectionView.swift in Sources */ = {isa = PBXBuildFile; fileRef = 9B32DDDA2D261073006A7918 /* RoleSelectionView.swift */; };
		9B32DDE92D261073006A7918 /* AssignmentDetailView.swift in Sources */ = {isa = PBXBuildFile; fileRef = 9B32DDCA2D261073006A7918 /* AssignmentDetailView.swift */; };
		9B32DDEA2D261073006A7918 /* GraphViewController.swift in Sources */ = {isa = PBXBuildFile; fileRef = 9B32DDD32D261073006A7918 /* GraphViewController.swift */; };
		9B32DDEB2D261073006A7918 /* LogView.swift in Sources */ = {isa = PBXBuildFile; fileRef = 9B32DDD72D261073006A7918 /* LogView.swift */; };
		9B32DDEC2D261073006A7918 /* CoachLogin.swift in Sources */ = {isa = PBXBuildFile; fileRef = 9B32DDCB2D261073006A7918 /* CoachLogin.swift */; };
		9B32DDED2D261073006A7918 /* AssignmentCreationView.swift in Sources */ = {isa = PBXBuildFile; fileRef = 9B32DDC92D261073006A7918 /* AssignmentCreationView.swift */; };
		9B32DDEE2D261073006A7918 /* PriorAssignmentsView.swift in Sources */ = {isa = PBXBuildFile; fileRef = 9B32DDD92D261073006A7918 /* PriorAssignmentsView.swift */; };
		9B32DDEF2D261073006A7918 /* WorkoutDataManager.swift in Sources */ = {isa = PBXBuildFile; fileRef = 9B32DDDD2D261073006A7918 /* WorkoutDataManager.swift */; };
		9B32DDF02D261073006A7918 /* FirebaseAuthManager.swift in Sources */ = {isa = PBXBuildFile; fileRef = 9B32DDCF2D261073006A7918 /* FirebaseAuthManager.swift */; };
		9B32DDF12D261073006A7918 /* LogDataModel.swift in Sources */ = {isa = PBXBuildFile; fileRef = 9B32DDD62D261073006A7918 /* LogDataModel.swift */; };
		9B32DDF22D261073006A7918 /* GraphView.swift in Sources */ = {isa = PBXBuildFile; fileRef = 9B32DDD22D261073006A7918 /* GraphView.swift */; };
		9B32DDF32D261073006A7918 /* TrackApplicationApp.swift in Sources */ = {isa = PBXBuildFile; fileRef = 9B32DDDC2D261073006A7918 /* TrackApplicationApp.swift */; };
		9B32DDF42D261073006A7918 /* LogViewController.swift in Sources */ = {isa = PBXBuildFile; fileRef = 9B32DDD82D261073006A7918 /* LogViewController.swift */; };
		9B32DDF52D261073006A7918 /* GoogleSignInButton.swift in Sources */ = {isa = PBXBuildFile; fileRef = 9B32DDD12D261073006A7918 /* GoogleSignInButton.swift */; };
		9BFA3B1B2D3C605B002B3DEB /* AssignmentManager.swift in Sources */ = {isa = PBXBuildFile; fileRef = 9BFA3B1A2D3C605B002B3DEB /* AssignmentManager.swift */; };
		9BFA3B1D2D3C606C002B3DEB /* LogManager.swift in Sources */ = {isa = PBXBuildFile; fileRef = 9BFA3B1C2D3C606C002B3DEB /* LogManager.swift */; };
		9BFA3B1F2D3C6077002B3DEB /* UserManager.swift in Sources */ = {isa = PBXBuildFile; fileRef = 9BFA3B1E2D3C6077002B3DEB /* UserManager.swift */; };
/* End PBXBuildFile section */

/* Begin PBXContainerItemProxy section */
		9B0517222D18F03300ECCA06 /* PBXContainerItemProxy */ = {
			isa = PBXContainerItemProxy;
			containerPortal = 9B0517092D18F03200ECCA06 /* Project object */;
			proxyType = 1;
			remoteGlobalIDString = 9B0517102D18F03200ECCA06;
			remoteInfo = TrackApplication;
		};
		9B05172C2D18F03300ECCA06 /* PBXContainerItemProxy */ = {
			isa = PBXContainerItemProxy;
			containerPortal = 9B0517092D18F03200ECCA06 /* Project object */;
			proxyType = 1;
			remoteGlobalIDString = 9B0517102D18F03200ECCA06;
			remoteInfo = TrackApplication;
		};
/* End PBXContainerItemProxy section */

/* Begin PBXFileReference section */
		9B0517112D18F03200ECCA06 /* TrackApplication.app */ = {isa = PBXFileReference; explicitFileType = wrapper.application; includeInIndex = 0; path = TrackApplication.app; sourceTree = BUILT_PRODUCTS_DIR; };
		9B0517212D18F03300ECCA06 /* TrackApplicationTests.xctest */ = {isa = PBXFileReference; explicitFileType = wrapper.cfbundle; includeInIndex = 0; path = TrackApplicationTests.xctest; sourceTree = BUILT_PRODUCTS_DIR; };
		9B05172B2D18F03300ECCA06 /* TrackApplicationUITests.xctest */ = {isa = PBXFileReference; explicitFileType = wrapper.cfbundle; includeInIndex = 0; path = TrackApplicationUITests.xctest; sourceTree = BUILT_PRODUCTS_DIR; };
		9B32DDC52D261073006A7918 /* Preview Assets.xcassets */ = {isa = PBXFileReference; lastKnownFileType = folder.assetcatalog; path = "Preview Assets.xcassets"; sourceTree = "<group>"; };
		9B32DDC82D261073006A7918 /* Assets.xcassets */ = {isa = PBXFileReference; lastKnownFileType = folder.assetcatalog; path = Assets.xcassets; sourceTree = "<group>"; };
		9B32DDC92D261073006A7918 /* AssignmentCreationView.swift */ = {isa = PBXFileReference; lastKnownFileType = sourcecode.swift; path = AssignmentCreationView.swift; sourceTree = "<group>"; };
		9B32DDCA2D261073006A7918 /* AssignmentDetailView.swift */ = {isa = PBXFileReference; lastKnownFileType = sourcecode.swift; path = AssignmentDetailView.swift; sourceTree = "<group>"; };
		9B32DDCB2D261073006A7918 /* CoachLogin.swift */ = {isa = PBXFileReference; lastKnownFileType = sourcecode.swift; path = CoachLogin.swift; sourceTree = "<group>"; };
		9B32DDCC2D261073006A7918 /* ContentView.swift */ = {isa = PBXFileReference; lastKnownFileType = sourcecode.swift; path = ContentView.swift; sourceTree = "<group>"; };
		9B32DDCD2D261073006A7918 /* CreateAccountView.swift */ = {isa = PBXFileReference; lastKnownFileType = sourcecode.swift; path = CreateAccountView.swift; sourceTree = "<group>"; };
		9B32DDCE2D261073006A7918 /* DashboardView.swift */ = {isa = PBXFileReference; lastKnownFileType = sourcecode.swift; path = DashboardView.swift; sourceTree = "<group>"; };
		9B32DDCF2D261073006A7918 /* FirebaseAuthManager.swift */ = {isa = PBXFileReference; lastKnownFileType = sourcecode.swift; path = FirebaseAuthManager.swift; sourceTree = "<group>"; };
		9B32DDD02D261073006A7918 /* GoogleService-Info.plist */ = {isa = PBXFileReference; lastKnownFileType = text.plist.xml; path = "GoogleService-Info.plist"; sourceTree = "<group>"; };
		9B32DDD12D261073006A7918 /* GoogleSignInButton.swift */ = {isa = PBXFileReference; lastKnownFileType = sourcecode.swift; path = GoogleSignInButton.swift; sourceTree = "<group>"; };
		9B32DDD22D261073006A7918 /* GraphView.swift */ = {isa = PBXFileReference; lastKnownFileType = sourcecode.swift; path = GraphView.swift; sourceTree = "<group>"; };
		9B32DDD32D261073006A7918 /* GraphViewController.swift */ = {isa = PBXFileReference; lastKnownFileType = sourcecode.swift; path = GraphViewController.swift; sourceTree = "<group>"; };
		9B32DDD42D261073006A7918 /* GroupDetailView.swift */ = {isa = PBXFileReference; lastKnownFileType = sourcecode.swift; path = GroupDetailView.swift; sourceTree = "<group>"; };
		9B32DDD52D261073006A7918 /* HomeView.swift */ = {isa = PBXFileReference; lastKnownFileType = sourcecode.swift; path = HomeView.swift; sourceTree = "<group>"; };
		9B32DDD62D261073006A7918 /* LogDataModel.swift */ = {isa = PBXFileReference; lastKnownFileType = sourcecode.swift; path = LogDataModel.swift; sourceTree = "<group>"; };
		9B32DDD72D261073006A7918 /* LogView.swift */ = {isa = PBXFileReference; lastKnownFileType = sourcecode.swift; path = LogView.swift; sourceTree = "<group>"; };
		9B32DDD82D261073006A7918 /* LogViewController.swift */ = {isa = PBXFileReference; lastKnownFileType = sourcecode.swift; path = LogViewController.swift; sourceTree = "<group>"; };
		9B32DDD92D261073006A7918 /* PriorAssignmentsView.swift */ = {isa = PBXFileReference; lastKnownFileType = sourcecode.swift; path = PriorAssignmentsView.swift; sourceTree = "<group>"; };
		9B32DDDA2D261073006A7918 /* RoleSelectionView.swift */ = {isa = PBXFileReference; lastKnownFileType = sourcecode.swift; path = RoleSelectionView.swift; sourceTree = "<group>"; };
		9B32DDDB2D261073006A7918 /* StudentCatalogView.swift */ = {isa = PBXFileReference; lastKnownFileType = sourcecode.swift; path = StudentCatalogView.swift; sourceTree = "<group>"; };
		9B32DDDC2D261073006A7918 /* TrackApplicationApp.swift */ = {isa = PBXFileReference; lastKnownFileType = sourcecode.swift; path = TrackApplicationApp.swift; sourceTree = "<group>"; };
		9B32DDDD2D261073006A7918 /* WorkoutDataManager.swift */ = {isa = PBXFileReference; lastKnownFileType = sourcecode.swift; path = WorkoutDataManager.swift; sourceTree = "<group>"; };
		9BFA3B1A2D3C605B002B3DEB /* AssignmentManager.swift */ = {isa = PBXFileReference; lastKnownFileType = sourcecode.swift; path = AssignmentManager.swift; sourceTree = "<group>"; };
		9BFA3B1C2D3C606C002B3DEB /* LogManager.swift */ = {isa = PBXFileReference; lastKnownFileType = sourcecode.swift; path = LogManager.swift; sourceTree = "<group>"; };
		9BFA3B1E2D3C6077002B3DEB /* UserManager.swift */ = {isa = PBXFileReference; lastKnownFileType = sourcecode.swift; path = UserManager.swift; sourceTree = "<group>"; };
/* End PBXFileReference section */

/* Begin PBXFileSystemSynchronizedRootGroup section */
		9B0517242D18F03300ECCA06 /* TrackApplicationTests */ = {
			isa = PBXFileSystemSynchronizedRootGroup;
			path = TrackApplicationTests;
			sourceTree = "<group>";
		};
		9B05172E2D18F03300ECCA06 /* TrackApplicationUITests */ = {
			isa = PBXFileSystemSynchronizedRootGroup;
			path = TrackApplicationUITests;
			sourceTree = "<group>";
		};
/* End PBXFileSystemSynchronizedRootGroup section */

/* Begin PBXFrameworksBuildPhase section */
		9B05170E2D18F03200ECCA06 /* Frameworks */ = {
			isa = PBXFrameworksBuildPhase;
			buildActionMask = 2147483647;
			files = (
				9B0517602D18F28F00ECCA06 /* FirebaseFirestoreCombine-Community in Frameworks */,
				9B0517762D18F28F00ECCA06 /* FirebaseVertexAI in Frameworks */,
				9B0517622D18F28F00ECCA06 /* FirebaseFunctions in Frameworks */,
				9B05176E2D18F28F00ECCA06 /* FirebasePerformance in Frameworks */,
				9B0517742D18F28F00ECCA06 /* FirebaseStorageCombine-Community in Frameworks */,
				9B05177B2D18F35900ECCA06 /* GoogleSignInSwift in Frameworks */,
				9B0517702D18F28F00ECCA06 /* FirebaseRemoteConfig in Frameworks */,
				9B05175A2D18F28F00ECCA06 /* FirebaseDatabase in Frameworks */,
				9B05175C2D18F28F00ECCA06 /* FirebaseDynamicLinks in Frameworks */,
				9B05174E2D18F12A00ECCA06 /* FirebaseAppCheck in Frameworks */,
				9B0517522D18F28F00ECCA06 /* FirebaseAuth in Frameworks */,
				9B0517482D18F12A00ECCA06 /* FirebaseAnalytics in Frameworks */,
				9B05175E2D18F28F00ECCA06 /* FirebaseFirestore in Frameworks */,
				9B05176C2D18F28F00ECCA06 /* FirebaseMessaging in Frameworks */,
				9B0517682D18F28F00ECCA06 /* FirebaseInstallations in Frameworks */,
				9B0517642D18F28F00ECCA06 /* FirebaseFunctionsCombine-Community in Frameworks */,
				9B0517792D18F35900ECCA06 /* GoogleSignIn in Frameworks */,
				9B0517502D18F12A00ECCA06 /* FirebaseAppDistribution-Beta in Frameworks */,
				9B05174C2D18F12A00ECCA06 /* FirebaseAnalyticsWithoutAdIdSupport in Frameworks */,
				9B0517662D18F28F00ECCA06 /* FirebaseInAppMessaging-Beta in Frameworks */,
				9B0517542D18F28F00ECCA06 /* FirebaseAuthCombine-Community in Frameworks */,
				9B0517582D18F28F00ECCA06 /* FirebaseCrashlytics in Frameworks */,
				9B05176A2D18F28F00ECCA06 /* FirebaseMLModelDownloader in Frameworks */,
				9B0517722D18F28F00ECCA06 /* FirebaseStorage in Frameworks */,
				9B0517562D18F28F00ECCA06 /* FirebaseCore in Frameworks */,
				9B05174A2D18F12A00ECCA06 /* FirebaseAnalyticsOnDeviceConversion in Frameworks */,
			);
			runOnlyForDeploymentPostprocessing = 0;
		};
		9B05171E2D18F03300ECCA06 /* Frameworks */ = {
			isa = PBXFrameworksBuildPhase;
			buildActionMask = 2147483647;
			files = (
			);
			runOnlyForDeploymentPostprocessing = 0;
		};
		9B0517282D18F03300ECCA06 /* Frameworks */ = {
			isa = PBXFrameworksBuildPhase;
			buildActionMask = 2147483647;
			files = (
			);
			runOnlyForDeploymentPostprocessing = 0;
		};
/* End PBXFrameworksBuildPhase section */

/* Begin PBXGroup section */
		9B0517082D18F03200ECCA06 = {
			isa = PBXGroup;
			children = (
				9B32DDDE2D261073006A7918 /* TrackApplication */,
				9B0517242D18F03300ECCA06 /* TrackApplicationTests */,
				9B05172E2D18F03300ECCA06 /* TrackApplicationUITests */,
				9B0517122D18F03200ECCA06 /* Products */,
			);
			sourceTree = "<group>";
		};
		9B0517122D18F03200ECCA06 /* Products */ = {
			isa = PBXGroup;
			children = (
				9B0517112D18F03200ECCA06 /* TrackApplication.app */,
				9B0517212D18F03300ECCA06 /* TrackApplicationTests.xctest */,
				9B05172B2D18F03300ECCA06 /* TrackApplicationUITests.xctest */,
			);
			name = Products;
			sourceTree = "<group>";
		};
		9B32DDC42D261073006A7918 /* CoachView */ = {
			isa = PBXGroup;
			children = (
			);
			path = CoachView;
			sourceTree = "<group>";
		};
		9B32DDC62D261073006A7918 /* Preview Content */ = {
			isa = PBXGroup;
			children = (
				9B32DDC52D261073006A7918 /* Preview Assets.xcassets */,
			);
			path = "Preview Content";
			sourceTree = "<group>";
		};
		9B32DDC72D261073006A7918 /* StudentView */ = {
			isa = PBXGroup;
			children = (
			);
			path = StudentView;
			sourceTree = "<group>";
		};
		9B32DDDE2D261073006A7918 /* TrackApplication */ = {
			isa = PBXGroup;
			children = (
				9BFA3B1E2D3C6077002B3DEB /* UserManager.swift */,
				9BFA3B1C2D3C606C002B3DEB /* LogManager.swift */,
				9BFA3B1A2D3C605B002B3DEB /* AssignmentManager.swift */,
				9B32DDC42D261073006A7918 /* CoachView */,
				9B32DDC62D261073006A7918 /* Preview Content */,
				9B32DDC72D261073006A7918 /* StudentView */,
				9B32DDC82D261073006A7918 /* Assets.xcassets */,
				9B32DDC92D261073006A7918 /* AssignmentCreationView.swift */,
				9B32DDCA2D261073006A7918 /* AssignmentDetailView.swift */,
				9B32DDCB2D261073006A7918 /* CoachLogin.swift */,
				9B32DDCC2D261073006A7918 /* ContentView.swift */,
				9B32DDCD2D261073006A7918 /* CreateAccountView.swift */,
				9B32DDCE2D261073006A7918 /* DashboardView.swift */,
				9B32DDCF2D261073006A7918 /* FirebaseAuthManager.swift */,
				9B32DDD02D261073006A7918 /* GoogleService-Info.plist */,
				9B32DDD12D261073006A7918 /* GoogleSignInButton.swift */,
				9B32DDD22D261073006A7918 /* GraphView.swift */,
				9B32DDD32D261073006A7918 /* GraphViewController.swift */,
				9B32DDD42D261073006A7918 /* GroupDetailView.swift */,
				9B32DDD52D261073006A7918 /* HomeView.swift */,
				9B32DDD62D261073006A7918 /* LogDataModel.swift */,
				9B32DDD72D261073006A7918 /* LogView.swift */,
				9B32DDD82D261073006A7918 /* LogViewController.swift */,
				9B32DDD92D261073006A7918 /* PriorAssignmentsView.swift */,
				9B32DDDA2D261073006A7918 /* RoleSelectionView.swift */,
				9B32DDDB2D261073006A7918 /* StudentCatalogView.swift */,
				9B32DDDC2D261073006A7918 /* TrackApplicationApp.swift */,
				9B32DDDD2D261073006A7918 /* WorkoutDataManager.swift */,
			);
			path = TrackApplication;
			sourceTree = "<group>";
		};
/* End PBXGroup section */

/* Begin PBXNativeTarget section */
		9B0517102D18F03200ECCA06 /* TrackApplication */ = {
			isa = PBXNativeTarget;
			buildConfigurationList = 9B0517352D18F03300ECCA06 /* Build configuration list for PBXNativeTarget "TrackApplication" */;
			buildPhases = (
				9B05170D2D18F03200ECCA06 /* Sources */,
				9B05170E2D18F03200ECCA06 /* Frameworks */,
				9B05170F2D18F03200ECCA06 /* Resources */,
			);
			buildRules = (
			);
			dependencies = (
			);
			name = TrackApplication;
			packageProductDependencies = (
				9B0517472D18F12A00ECCA06 /* FirebaseAnalytics */,
				9B0517492D18F12A00ECCA06 /* FirebaseAnalyticsOnDeviceConversion */,
				9B05174B2D18F12A00ECCA06 /* FirebaseAnalyticsWithoutAdIdSupport */,
				9B05174D2D18F12A00ECCA06 /* FirebaseAppCheck */,
				9B05174F2D18F12A00ECCA06 /* FirebaseAppDistribution-Beta */,
				9B0517512D18F28F00ECCA06 /* FirebaseAuth */,
				9B0517532D18F28F00ECCA06 /* FirebaseAuthCombine-Community */,
				9B0517552D18F28F00ECCA06 /* FirebaseCore */,
				9B0517572D18F28F00ECCA06 /* FirebaseCrashlytics */,
				9B0517592D18F28F00ECCA06 /* FirebaseDatabase */,
				9B05175B2D18F28F00ECCA06 /* FirebaseDynamicLinks */,
				9B05175D2D18F28F00ECCA06 /* FirebaseFirestore */,
				9B05175F2D18F28F00ECCA06 /* FirebaseFirestoreCombine-Community */,
				9B0517612D18F28F00ECCA06 /* FirebaseFunctions */,
				9B0517632D18F28F00ECCA06 /* FirebaseFunctionsCombine-Community */,
				9B0517652D18F28F00ECCA06 /* FirebaseInAppMessaging-Beta */,
				9B0517672D18F28F00ECCA06 /* FirebaseInstallations */,
				9B0517692D18F28F00ECCA06 /* FirebaseMLModelDownloader */,
				9B05176B2D18F28F00ECCA06 /* FirebaseMessaging */,
				9B05176D2D18F28F00ECCA06 /* FirebasePerformance */,
				9B05176F2D18F28F00ECCA06 /* FirebaseRemoteConfig */,
				9B0517712D18F28F00ECCA06 /* FirebaseStorage */,
				9B0517732D18F28F00ECCA06 /* FirebaseStorageCombine-Community */,
				9B0517752D18F28F00ECCA06 /* FirebaseVertexAI */,
				9B0517782D18F35900ECCA06 /* GoogleSignIn */,
				9B05177A2D18F35900ECCA06 /* GoogleSignInSwift */,
			);
			productName = TrackApplication;
			productReference = 9B0517112D18F03200ECCA06 /* TrackApplication.app */;
			productType = "com.apple.product-type.application";
		};
		9B0517202D18F03300ECCA06 /* TrackApplicationTests */ = {
			isa = PBXNativeTarget;
			buildConfigurationList = 9B0517382D18F03300ECCA06 /* Build configuration list for PBXNativeTarget "TrackApplicationTests" */;
			buildPhases = (
				9B05171D2D18F03300ECCA06 /* Sources */,
				9B05171E2D18F03300ECCA06 /* Frameworks */,
				9B05171F2D18F03300ECCA06 /* Resources */,
			);
			buildRules = (
			);
			dependencies = (
				9B0517232D18F03300ECCA06 /* PBXTargetDependency */,
			);
			fileSystemSynchronizedGroups = (
				9B0517242D18F03300ECCA06 /* TrackApplicationTests */,
			);
			name = TrackApplicationTests;
			packageProductDependencies = (
			);
			productName = TrackApplicationTests;
			productReference = 9B0517212D18F03300ECCA06 /* TrackApplicationTests.xctest */;
			productType = "com.apple.product-type.bundle.unit-test";
		};
		9B05172A2D18F03300ECCA06 /* TrackApplicationUITests */ = {
			isa = PBXNativeTarget;
			buildConfigurationList = 9B05173B2D18F03300ECCA06 /* Build configuration list for PBXNativeTarget "TrackApplicationUITests" */;
			buildPhases = (
				9B0517272D18F03300ECCA06 /* Sources */,
				9B0517282D18F03300ECCA06 /* Frameworks */,
				9B0517292D18F03300ECCA06 /* Resources */,
			);
			buildRules = (
			);
			dependencies = (
				9B05172D2D18F03300ECCA06 /* PBXTargetDependency */,
			);
			fileSystemSynchronizedGroups = (
				9B05172E2D18F03300ECCA06 /* TrackApplicationUITests */,
			);
			name = TrackApplicationUITests;
			packageProductDependencies = (
			);
			productName = TrackApplicationUITests;
			productReference = 9B05172B2D18F03300ECCA06 /* TrackApplicationUITests.xctest */;
			productType = "com.apple.product-type.bundle.ui-testing";
		};
/* End PBXNativeTarget section */

/* Begin PBXProject section */
		9B0517092D18F03200ECCA06 /* Project object */ = {
			isa = PBXProject;
			attributes = {
				BuildIndependentTargetsInParallel = 1;
				LastSwiftUpdateCheck = 1620;
				LastUpgradeCheck = 1620;
				TargetAttributes = {
					9B0517102D18F03200ECCA06 = {
						CreatedOnToolsVersion = 16.2;
					};
					9B0517202D18F03300ECCA06 = {
						CreatedOnToolsVersion = 16.2;
						TestTargetID = 9B0517102D18F03200ECCA06;
					};
					9B05172A2D18F03300ECCA06 = {
						CreatedOnToolsVersion = 16.2;
						TestTargetID = 9B0517102D18F03200ECCA06;
					};
				};
			};
			buildConfigurationList = 9B05170C2D18F03200ECCA06 /* Build configuration list for PBXProject "TrackApplication" */;
			developmentRegion = en;
			hasScannedForEncodings = 0;
			knownRegions = (
				en,
				Base,
			);
			mainGroup = 9B0517082D18F03200ECCA06;
			minimizedProjectReferenceProxies = 1;
			packageReferences = (
				9B0517462D18F12A00ECCA06 /* XCRemoteSwiftPackageReference "firebase-ios-sdk" */,
				9B0517772D18F35900ECCA06 /* XCRemoteSwiftPackageReference "GoogleSignIn-iOS" */,
			);
			preferredProjectObjectVersion = 77;
			productRefGroup = 9B0517122D18F03200ECCA06 /* Products */;
			projectDirPath = "";
			projectRoot = "";
			targets = (
				9B0517102D18F03200ECCA06 /* TrackApplication */,
				9B0517202D18F03300ECCA06 /* TrackApplicationTests */,
				9B05172A2D18F03300ECCA06 /* TrackApplicationUITests */,
			);
		};
/* End PBXProject section */

/* Begin PBXResourcesBuildPhase section */
		9B05170F2D18F03200ECCA06 /* Resources */ = {
			isa = PBXResourcesBuildPhase;
			buildActionMask = 2147483647;
			files = (
				9B32DDDF2D261073006A7918 /* Preview Assets.xcassets in Resources */,
				9B32DDE02D261073006A7918 /* GoogleService-Info.plist in Resources */,
				9B32DDE12D261073006A7918 /* Assets.xcassets in Resources */,
			);
			runOnlyForDeploymentPostprocessing = 0;
		};
		9B05171F2D18F03300ECCA06 /* Resources */ = {
			isa = PBXResourcesBuildPhase;
			buildActionMask = 2147483647;
			files = (
			);
			runOnlyForDeploymentPostprocessing = 0;
		};
		9B0517292D18F03300ECCA06 /* Resources */ = {
			isa = PBXResourcesBuildPhase;
			buildActionMask = 2147483647;
			files = (
			);
			runOnlyForDeploymentPostprocessing = 0;
		};
/* End PBXResourcesBuildPhase section */

/* Begin PBXSourcesBuildPhase section */
		9B05170D2D18F03200ECCA06 /* Sources */ = {
			isa = PBXSourcesBuildPhase;
			buildActionMask = 2147483647;
			files = (
				9B32DDE22D261073006A7918 /* GroupDetailView.swift in Sources */,
				9B32DDE32D261073006A7918 /* StudentCatalogView.swift in Sources */,
				9B32DDE42D261073006A7918 /* ContentView.swift in Sources */,
				9B32DDE52D261073006A7918 /* DashboardView.swift in Sources */,
				9B32DDE62D261073006A7918 /* HomeView.swift in Sources */,
				9BFA3B1B2D3C605B002B3DEB /* AssignmentManager.swift in Sources */,
				9B32DDE72D261073006A7918 /* CreateAccountView.swift in Sources */,
				9BFA3B1F2D3C6077002B3DEB /* UserManager.swift in Sources */,
				9B32DDE82D261073006A7918 /* RoleSelectionView.swift in Sources */,
				9B32DDE92D261073006A7918 /* AssignmentDetailView.swift in Sources */,
				9B32DDEA2D261073006A7918 /* GraphViewController.swift in Sources */,
				9B32DDEB2D261073006A7918 /* LogView.swift in Sources */,
				9B32DDEC2D261073006A7918 /* CoachLogin.swift in Sources */,
				9BFA3B1D2D3C606C002B3DEB /* LogManager.swift in Sources */,
				9B32DDED2D261073006A7918 /* AssignmentCreationView.swift in Sources */,
				9B32DDEE2D261073006A7918 /* PriorAssignmentsView.swift in Sources */,
				9B32DDEF2D261073006A7918 /* WorkoutDataManager.swift in Sources */,
				9B32DDF02D261073006A7918 /* FirebaseAuthManager.swift in Sources */,
				9B32DDF12D261073006A7918 /* LogDataModel.swift in Sources */,
				9B32DDF22D261073006A7918 /* GraphView.swift in Sources */,
				9B32DDF32D261073006A7918 /* TrackApplicationApp.swift in Sources */,
				9B32DDF42D261073006A7918 /* LogViewController.swift in Sources */,
				9B32DDF52D261073006A7918 /* GoogleSignInButton.swift in Sources */,
			);
			runOnlyForDeploymentPostprocessing = 0;
		};
		9B05171D2D18F03300ECCA06 /* Sources */ = {
			isa = PBXSourcesBuildPhase;
			buildActionMask = 2147483647;
			files = (
			);
			runOnlyForDeploymentPostprocessing = 0;
		};
		9B0517272D18F03300ECCA06 /* Sources */ = {
			isa = PBXSourcesBuildPhase;
			buildActionMask = 2147483647;
			files = (
			);
			runOnlyForDeploymentPostprocessing = 0;
		};
/* End PBXSourcesBuildPhase section */

/* Begin PBXTargetDependency section */
		9B0517232D18F03300ECCA06 /* PBXTargetDependency */ = {
			isa = PBXTargetDependency;
			target = 9B0517102D18F03200ECCA06 /* TrackApplication */;
			targetProxy = 9B0517222D18F03300ECCA06 /* PBXContainerItemProxy */;
		};
		9B05172D2D18F03300ECCA06 /* PBXTargetDependency */ = {
			isa = PBXTargetDependency;
			target = 9B0517102D18F03200ECCA06 /* TrackApplication */;
			targetProxy = 9B05172C2D18F03300ECCA06 /* PBXContainerItemProxy */;
		};
/* End PBXTargetDependency section */

/* Begin XCBuildConfiguration section */
		9B0517332D18F03300ECCA06 /* Debug */ = {
			isa = XCBuildConfiguration;
			buildSettings = {
				ALWAYS_SEARCH_USER_PATHS = NO;
				ASSETCATALOG_COMPILER_GENERATE_SWIFT_ASSET_SYMBOL_EXTENSIONS = YES;
				CLANG_ANALYZER_NONNULL = YES;
				CLANG_ANALYZER_NUMBER_OBJECT_CONVERSION = YES_AGGRESSIVE;
				CLANG_CXX_LANGUAGE_STANDARD = "gnu++20";
				CLANG_ENABLE_MODULES = YES;
				CLANG_ENABLE_OBJC_ARC = YES;
				CLANG_ENABLE_OBJC_WEAK = YES;
				CLANG_WARN_BLOCK_CAPTURE_AUTORELEASING = YES;
				CLANG_WARN_BOOL_CONVERSION = YES;
				CLANG_WARN_COMMA = YES;
				CLANG_WARN_CONSTANT_CONVERSION = YES;
				CLANG_WARN_DEPRECATED_OBJC_IMPLEMENTATIONS = YES;
				CLANG_WARN_DIRECT_OBJC_ISA_USAGE = YES_ERROR;
				CLANG_WARN_DOCUMENTATION_COMMENTS = YES;
				CLANG_WARN_EMPTY_BODY = YES;
				CLANG_WARN_ENUM_CONVERSION = YES;
				CLANG_WARN_INFINITE_RECURSION = YES;
				CLANG_WARN_INT_CONVERSION = YES;
				CLANG_WARN_NON_LITERAL_NULL_CONVERSION = YES;
				CLANG_WARN_OBJC_IMPLICIT_RETAIN_SELF = YES;
				CLANG_WARN_OBJC_LITERAL_CONVERSION = YES;
				CLANG_WARN_OBJC_ROOT_CLASS = YES_ERROR;
				CLANG_WARN_QUOTED_INCLUDE_IN_FRAMEWORK_HEADER = YES;
				CLANG_WARN_RANGE_LOOP_ANALYSIS = YES;
				CLANG_WARN_STRICT_PROTOTYPES = YES;
				CLANG_WARN_SUSPICIOUS_MOVE = YES;
				CLANG_WARN_UNGUARDED_AVAILABILITY = YES_AGGRESSIVE;
				CLANG_WARN_UNREACHABLE_CODE = YES;
				CLANG_WARN__DUPLICATE_METHOD_MATCH = YES;
				COPY_PHASE_STRIP = NO;
				DEBUG_INFORMATION_FORMAT = dwarf;
				ENABLE_STRICT_OBJC_MSGSEND = YES;
				ENABLE_TESTABILITY = YES;
				ENABLE_USER_SCRIPT_SANDBOXING = YES;
				GCC_C_LANGUAGE_STANDARD = gnu17;
				GCC_DYNAMIC_NO_PIC = NO;
				GCC_NO_COMMON_BLOCKS = YES;
				GCC_OPTIMIZATION_LEVEL = 0;
				GCC_PREPROCESSOR_DEFINITIONS = (
					"DEBUG=1",
					"$(inherited)",
				);
				GCC_WARN_64_TO_32_BIT_CONVERSION = YES;
				GCC_WARN_ABOUT_RETURN_TYPE = YES_ERROR;
				GCC_WARN_UNDECLARED_SELECTOR = YES;
				GCC_WARN_UNINITIALIZED_AUTOS = YES_AGGRESSIVE;
				GCC_WARN_UNUSED_FUNCTION = YES;
				GCC_WARN_UNUSED_VARIABLE = YES;
				IPHONEOS_DEPLOYMENT_TARGET = 18.2;
				LOCALIZATION_PREFERS_STRING_CATALOGS = YES;
				MTL_ENABLE_DEBUG_INFO = INCLUDE_SOURCE;
				MTL_FAST_MATH = YES;
				ONLY_ACTIVE_ARCH = YES;
				SDKROOT = iphoneos;
				SWIFT_ACTIVE_COMPILATION_CONDITIONS = "DEBUG $(inherited)";
				SWIFT_OPTIMIZATION_LEVEL = "-Onone";
			};
			name = Debug;
		};
		9B0517342D18F03300ECCA06 /* Release */ = {
			isa = XCBuildConfiguration;
			buildSettings = {
				ALWAYS_SEARCH_USER_PATHS = NO;
				ASSETCATALOG_COMPILER_GENERATE_SWIFT_ASSET_SYMBOL_EXTENSIONS = YES;
				CLANG_ANALYZER_NONNULL = YES;
				CLANG_ANALYZER_NUMBER_OBJECT_CONVERSION = YES_AGGRESSIVE;
				CLANG_CXX_LANGUAGE_STANDARD = "gnu++20";
				CLANG_ENABLE_MODULES = YES;
				CLANG_ENABLE_OBJC_ARC = YES;
				CLANG_ENABLE_OBJC_WEAK = YES;
				CLANG_WARN_BLOCK_CAPTURE_AUTORELEASING = YES;
				CLANG_WARN_BOOL_CONVERSION = YES;
				CLANG_WARN_COMMA = YES;
				CLANG_WARN_CONSTANT_CONVERSION = YES;
				CLANG_WARN_DEPRECATED_OBJC_IMPLEMENTATIONS = YES;
				CLANG_WARN_DIRECT_OBJC_ISA_USAGE = YES_ERROR;
				CLANG_WARN_DOCUMENTATION_COMMENTS = YES;
				CLANG_WARN_EMPTY_BODY = YES;
				CLANG_WARN_ENUM_CONVERSION = YES;
				CLANG_WARN_INFINITE_RECURSION = YES;
				CLANG_WARN_INT_CONVERSION = YES;
				CLANG_WARN_NON_LITERAL_NULL_CONVERSION = YES;
				CLANG_WARN_OBJC_IMPLICIT_RETAIN_SELF = YES;
				CLANG_WARN_OBJC_LITERAL_CONVERSION = YES;
				CLANG_WARN_OBJC_ROOT_CLASS = YES_ERROR;
				CLANG_WARN_QUOTED_INCLUDE_IN_FRAMEWORK_HEADER = YES;
				CLANG_WARN_RANGE_LOOP_ANALYSIS = YES;
				CLANG_WARN_STRICT_PROTOTYPES = YES;
				CLANG_WARN_SUSPICIOUS_MOVE = YES;
				CLANG_WARN_UNGUARDED_AVAILABILITY = YES_AGGRESSIVE;
				CLANG_WARN_UNREACHABLE_CODE = YES;
				CLANG_WARN__DUPLICATE_METHOD_MATCH = YES;
				COPY_PHASE_STRIP = NO;
				DEBUG_INFORMATION_FORMAT = "dwarf-with-dsym";
				ENABLE_NS_ASSERTIONS = NO;
				ENABLE_STRICT_OBJC_MSGSEND = YES;
				ENABLE_USER_SCRIPT_SANDBOXING = YES;
				GCC_C_LANGUAGE_STANDARD = gnu17;
				GCC_NO_COMMON_BLOCKS = YES;
				GCC_WARN_64_TO_32_BIT_CONVERSION = YES;
				GCC_WARN_ABOUT_RETURN_TYPE = YES_ERROR;
				GCC_WARN_UNDECLARED_SELECTOR = YES;
				GCC_WARN_UNINITIALIZED_AUTOS = YES_AGGRESSIVE;
				GCC_WARN_UNUSED_FUNCTION = YES;
				GCC_WARN_UNUSED_VARIABLE = YES;
				IPHONEOS_DEPLOYMENT_TARGET = 18.2;
				LOCALIZATION_PREFERS_STRING_CATALOGS = YES;
				MTL_ENABLE_DEBUG_INFO = NO;
				MTL_FAST_MATH = YES;
				SDKROOT = iphoneos;
				SWIFT_COMPILATION_MODE = wholemodule;
				VALIDATE_PRODUCT = YES;
			};
			name = Release;
		};
		9B0517362D18F03300ECCA06 /* Debug */ = {
			isa = XCBuildConfiguration;
			buildSettings = {
				ASSETCATALOG_COMPILER_APPICON_NAME = AppIcon;
				ASSETCATALOG_COMPILER_GLOBAL_ACCENT_COLOR_NAME = AccentColor;
				CODE_SIGN_STYLE = Automatic;
				CURRENT_PROJECT_VERSION = 1;
				DEVELOPMENT_ASSET_PATHS = "\"TrackApplication/Preview Content\"";
				ENABLE_PREVIEWS = YES;
				GENERATE_INFOPLIST_FILE = YES;
				INFOPLIST_KEY_UIApplicationSceneManifest_Generation = YES;
				INFOPLIST_KEY_UIApplicationSupportsIndirectInputEvents = YES;
				INFOPLIST_KEY_UILaunchScreen_Generation = YES;
				INFOPLIST_KEY_UISupportedInterfaceOrientations_iPad = "UIInterfaceOrientationPortrait UIInterfaceOrientationPortraitUpsideDown UIInterfaceOrientationLandscapeLeft UIInterfaceOrientationLandscapeRight";
				INFOPLIST_KEY_UISupportedInterfaceOrientations_iPhone = "UIInterfaceOrientationPortrait UIInterfaceOrientationLandscapeLeft UIInterfaceOrientationLandscapeRight";
				LD_RUNPATH_SEARCH_PATHS = (
					"$(inherited)",
					"@executable_path/Frameworks",
				);
				MARKETING_VERSION = 1.0;
				PRODUCT_BUNDLE_IDENTIFIER = com.gouldsgoons.TrackApplication;
				PRODUCT_NAME = "$(TARGET_NAME)";
				SWIFT_EMIT_LOC_STRINGS = YES;
				SWIFT_VERSION = 5.0;
				TARGETED_DEVICE_FAMILY = "1,2";
			};
			name = Debug;
		};
		9B0517372D18F03300ECCA06 /* Release */ = {
			isa = XCBuildConfiguration;
			buildSettings = {
				ASSETCATALOG_COMPILER_APPICON_NAME = AppIcon;
				ASSETCATALOG_COMPILER_GLOBAL_ACCENT_COLOR_NAME = AccentColor;
				CODE_SIGN_STYLE = Automatic;
				CURRENT_PROJECT_VERSION = 1;
				DEVELOPMENT_ASSET_PATHS = "\"TrackApplication/Preview Content\"";
				ENABLE_PREVIEWS = YES;
				GENERATE_INFOPLIST_FILE = YES;
				INFOPLIST_KEY_UIApplicationSceneManifest_Generation = YES;
				INFOPLIST_KEY_UIApplicationSupportsIndirectInputEvents = YES;
				INFOPLIST_KEY_UILaunchScreen_Generation = YES;
				INFOPLIST_KEY_UISupportedInterfaceOrientations_iPad = "UIInterfaceOrientationPortrait UIInterfaceOrientationPortraitUpsideDown UIInterfaceOrientationLandscapeLeft UIInterfaceOrientationLandscapeRight";
				INFOPLIST_KEY_UISupportedInterfaceOrientations_iPhone = "UIInterfaceOrientationPortrait UIInterfaceOrientationLandscapeLeft UIInterfaceOrientationLandscapeRight";
				LD_RUNPATH_SEARCH_PATHS = (
					"$(inherited)",
					"@executable_path/Frameworks",
				);
				MARKETING_VERSION = 1.0;
				PRODUCT_BUNDLE_IDENTIFIER = com.gouldsgoons.TrackApplication;
				PRODUCT_NAME = "$(TARGET_NAME)";
				SWIFT_EMIT_LOC_STRINGS = YES;
				SWIFT_VERSION = 5.0;
				TARGETED_DEVICE_FAMILY = "1,2";
			};
			name = Release;
		};
		9B0517392D18F03300ECCA06 /* Debug */ = {
			isa = XCBuildConfiguration;
			buildSettings = {
				BUNDLE_LOADER = "$(TEST_HOST)";
				CODE_SIGN_STYLE = Automatic;
				CURRENT_PROJECT_VERSION = 1;
				GENERATE_INFOPLIST_FILE = YES;
				IPHONEOS_DEPLOYMENT_TARGET = 18.2;
				MARKETING_VERSION = 1.0;
				PRODUCT_BUNDLE_IDENTIFIER = com.gouldsgoons.TrackApplicationTests;
				PRODUCT_NAME = "$(TARGET_NAME)";
				SWIFT_EMIT_LOC_STRINGS = NO;
				SWIFT_VERSION = 5.0;
				TARGETED_DEVICE_FAMILY = "1,2";
				TEST_HOST = "$(BUILT_PRODUCTS_DIR)/TrackApplication.app/$(BUNDLE_EXECUTABLE_FOLDER_PATH)/TrackApplication";
			};
			name = Debug;
		};
		9B05173A2D18F03300ECCA06 /* Release */ = {
			isa = XCBuildConfiguration;
			buildSettings = {
				BUNDLE_LOADER = "$(TEST_HOST)";
				CODE_SIGN_STYLE = Automatic;
				CURRENT_PROJECT_VERSION = 1;
				GENERATE_INFOPLIST_FILE = YES;
				IPHONEOS_DEPLOYMENT_TARGET = 18.2;
				MARKETING_VERSION = 1.0;
				PRODUCT_BUNDLE_IDENTIFIER = com.gouldsgoons.TrackApplicationTests;
				PRODUCT_NAME = "$(TARGET_NAME)";
				SWIFT_EMIT_LOC_STRINGS = NO;
				SWIFT_VERSION = 5.0;
				TARGETED_DEVICE_FAMILY = "1,2";
				TEST_HOST = "$(BUILT_PRODUCTS_DIR)/TrackApplication.app/$(BUNDLE_EXECUTABLE_FOLDER_PATH)/TrackApplication";
			};
			name = Release;
		};
		9B05173C2D18F03300ECCA06 /* Debug */ = {
			isa = XCBuildConfiguration;
			buildSettings = {
				CODE_SIGN_STYLE = Automatic;
				CURRENT_PROJECT_VERSION = 1;
				GENERATE_INFOPLIST_FILE = YES;
				MARKETING_VERSION = 1.0;
				PRODUCT_BUNDLE_IDENTIFIER = com.gouldsgoons.TrackApplicationUITests;
				PRODUCT_NAME = "$(TARGET_NAME)";
				SWIFT_EMIT_LOC_STRINGS = NO;
				SWIFT_VERSION = 5.0;
				TARGETED_DEVICE_FAMILY = "1,2";
				TEST_TARGET_NAME = TrackApplication;
			};
			name = Debug;
		};
		9B05173D2D18F03300ECCA06 /* Release */ = {
			isa = XCBuildConfiguration;
			buildSettings = {
				CODE_SIGN_STYLE = Automatic;
				CURRENT_PROJECT_VERSION = 1;
				GENERATE_INFOPLIST_FILE = YES;
				MARKETING_VERSION = 1.0;
				PRODUCT_BUNDLE_IDENTIFIER = com.gouldsgoons.TrackApplicationUITests;
				PRODUCT_NAME = "$(TARGET_NAME)";
				SWIFT_EMIT_LOC_STRINGS = NO;
				SWIFT_VERSION = 5.0;
				TARGETED_DEVICE_FAMILY = "1,2";
				TEST_TARGET_NAME = TrackApplication;
			};
			name = Release;
		};
/* End XCBuildConfiguration section */

/* Begin XCConfigurationList section */
		9B05170C2D18F03200ECCA06 /* Build configuration list for PBXProject "TrackApplication" */ = {
			isa = XCConfigurationList;
			buildConfigurations = (
				9B0517332D18F03300ECCA06 /* Debug */,
				9B0517342D18F03300ECCA06 /* Release */,
			);
			defaultConfigurationIsVisible = 0;
			defaultConfigurationName = Release;
		};
		9B0517352D18F03300ECCA06 /* Build configuration list for PBXNativeTarget "TrackApplication" */ = {
			isa = XCConfigurationList;
			buildConfigurations = (
				9B0517362D18F03300ECCA06 /* Debug */,
				9B0517372D18F03300ECCA06 /* Release */,
			);
			defaultConfigurationIsVisible = 0;
			defaultConfigurationName = Release;
		};
		9B0517382D18F03300ECCA06 /* Build configuration list for PBXNativeTarget "TrackApplicationTests" */ = {
			isa = XCConfigurationList;
			buildConfigurations = (
				9B0517392D18F03300ECCA06 /* Debug */,
				9B05173A2D18F03300ECCA06 /* Release */,
			);
			defaultConfigurationIsVisible = 0;
			defaultConfigurationName = Release;
		};
		9B05173B2D18F03300ECCA06 /* Build configuration list for PBXNativeTarget "TrackApplicationUITests" */ = {
			isa = XCConfigurationList;
			buildConfigurations = (
				9B05173C2D18F03300ECCA06 /* Debug */,
				9B05173D2D18F03300ECCA06 /* Release */,
			);
			defaultConfigurationIsVisible = 0;
			defaultConfigurationName = Release;
		};
/* End XCConfigurationList section */

/* Begin XCRemoteSwiftPackageReference section */
		9B0517462D18F12A00ECCA06 /* XCRemoteSwiftPackageReference "firebase-ios-sdk" */ = {
			isa = XCRemoteSwiftPackageReference;
			repositoryURL = "https://github.com/firebase/firebase-ios-sdk";
			requirement = {
				kind = upToNextMajorVersion;
				minimumVersion = 11.6.0;
			};
		};
		9B0517772D18F35900ECCA06 /* XCRemoteSwiftPackageReference "GoogleSignIn-iOS" */ = {
			isa = XCRemoteSwiftPackageReference;
			repositoryURL = "https://github.com/google/GoogleSignIn-iOS";
			requirement = {
				kind = upToNextMajorVersion;
				minimumVersion = 8.0.0;
			};
		};
/* End XCRemoteSwiftPackageReference section */

/* Begin XCSwiftPackageProductDependency section */
		9B0517472D18F12A00ECCA06 /* FirebaseAnalytics */ = {
			isa = XCSwiftPackageProductDependency;
			package = 9B0517462D18F12A00ECCA06 /* XCRemoteSwiftPackageReference "firebase-ios-sdk" */;
			productName = FirebaseAnalytics;
		};
		9B0517492D18F12A00ECCA06 /* FirebaseAnalyticsOnDeviceConversion */ = {
			isa = XCSwiftPackageProductDependency;
			package = 9B0517462D18F12A00ECCA06 /* XCRemoteSwiftPackageReference "firebase-ios-sdk" */;
			productName = FirebaseAnalyticsOnDeviceConversion;
		};
		9B05174B2D18F12A00ECCA06 /* FirebaseAnalyticsWithoutAdIdSupport */ = {
			isa = XCSwiftPackageProductDependency;
			package = 9B0517462D18F12A00ECCA06 /* XCRemoteSwiftPackageReference "firebase-ios-sdk" */;
			productName = FirebaseAnalyticsWithoutAdIdSupport;
		};
		9B05174D2D18F12A00ECCA06 /* FirebaseAppCheck */ = {
			isa = XCSwiftPackageProductDependency;
			package = 9B0517462D18F12A00ECCA06 /* XCRemoteSwiftPackageReference "firebase-ios-sdk" */;
			productName = FirebaseAppCheck;
		};
		9B05174F2D18F12A00ECCA06 /* FirebaseAppDistribution-Beta */ = {
			isa = XCSwiftPackageProductDependency;
			package = 9B0517462D18F12A00ECCA06 /* XCRemoteSwiftPackageReference "firebase-ios-sdk" */;
			productName = "FirebaseAppDistribution-Beta";
		};
		9B0517512D18F28F00ECCA06 /* FirebaseAuth */ = {
			isa = XCSwiftPackageProductDependency;
			package = 9B0517462D18F12A00ECCA06 /* XCRemoteSwiftPackageReference "firebase-ios-sdk" */;
			productName = FirebaseAuth;
		};
		9B0517532D18F28F00ECCA06 /* FirebaseAuthCombine-Community */ = {
			isa = XCSwiftPackageProductDependency;
			package = 9B0517462D18F12A00ECCA06 /* XCRemoteSwiftPackageReference "firebase-ios-sdk" */;
			productName = "FirebaseAuthCombine-Community";
		};
		9B0517552D18F28F00ECCA06 /* FirebaseCore */ = {
			isa = XCSwiftPackageProductDependency;
			package = 9B0517462D18F12A00ECCA06 /* XCRemoteSwiftPackageReference "firebase-ios-sdk" */;
			productName = FirebaseCore;
		};
		9B0517572D18F28F00ECCA06 /* FirebaseCrashlytics */ = {
			isa = XCSwiftPackageProductDependency;
			package = 9B0517462D18F12A00ECCA06 /* XCRemoteSwiftPackageReference "firebase-ios-sdk" */;
			productName = FirebaseCrashlytics;
		};
		9B0517592D18F28F00ECCA06 /* FirebaseDatabase */ = {
			isa = XCSwiftPackageProductDependency;
			package = 9B0517462D18F12A00ECCA06 /* XCRemoteSwiftPackageReference "firebase-ios-sdk" */;
			productName = FirebaseDatabase;
		};
		9B05175B2D18F28F00ECCA06 /* FirebaseDynamicLinks */ = {
			isa = XCSwiftPackageProductDependency;
			package = 9B0517462D18F12A00ECCA06 /* XCRemoteSwiftPackageReference "firebase-ios-sdk" */;
			productName = FirebaseDynamicLinks;
		};
		9B05175D2D18F28F00ECCA06 /* FirebaseFirestore */ = {
			isa = XCSwiftPackageProductDependency;
			package = 9B0517462D18F12A00ECCA06 /* XCRemoteSwiftPackageReference "firebase-ios-sdk" */;
			productName = FirebaseFirestore;
		};
		9B05175F2D18F28F00ECCA06 /* FirebaseFirestoreCombine-Community */ = {
			isa = XCSwiftPackageProductDependency;
			package = 9B0517462D18F12A00ECCA06 /* XCRemoteSwiftPackageReference "firebase-ios-sdk" */;
			productName = "FirebaseFirestoreCombine-Community";
		};
		9B0517612D18F28F00ECCA06 /* FirebaseFunctions */ = {
			isa = XCSwiftPackageProductDependency;
			package = 9B0517462D18F12A00ECCA06 /* XCRemoteSwiftPackageReference "firebase-ios-sdk" */;
			productName = FirebaseFunctions;
		};
		9B0517632D18F28F00ECCA06 /* FirebaseFunctionsCombine-Community */ = {
			isa = XCSwiftPackageProductDependency;
			package = 9B0517462D18F12A00ECCA06 /* XCRemoteSwiftPackageReference "firebase-ios-sdk" */;
			productName = "FirebaseFunctionsCombine-Community";
		};
		9B0517652D18F28F00ECCA06 /* FirebaseInAppMessaging-Beta */ = {
			isa = XCSwiftPackageProductDependency;
			package = 9B0517462D18F12A00ECCA06 /* XCRemoteSwiftPackageReference "firebase-ios-sdk" */;
			productName = "FirebaseInAppMessaging-Beta";
		};
		9B0517672D18F28F00ECCA06 /* FirebaseInstallations */ = {
			isa = XCSwiftPackageProductDependency;
			package = 9B0517462D18F12A00ECCA06 /* XCRemoteSwiftPackageReference "firebase-ios-sdk" */;
			productName = FirebaseInstallations;
		};
		9B0517692D18F28F00ECCA06 /* FirebaseMLModelDownloader */ = {
			isa = XCSwiftPackageProductDependency;
			package = 9B0517462D18F12A00ECCA06 /* XCRemoteSwiftPackageReference "firebase-ios-sdk" */;
			productName = FirebaseMLModelDownloader;
		};
		9B05176B2D18F28F00ECCA06 /* FirebaseMessaging */ = {
			isa = XCSwiftPackageProductDependency;
			package = 9B0517462D18F12A00ECCA06 /* XCRemoteSwiftPackageReference "firebase-ios-sdk" */;
			productName = FirebaseMessaging;
		};
		9B05176D2D18F28F00ECCA06 /* FirebasePerformance */ = {
			isa = XCSwiftPackageProductDependency;
			package = 9B0517462D18F12A00ECCA06 /* XCRemoteSwiftPackageReference "firebase-ios-sdk" */;
			productName = FirebasePerformance;
		};
		9B05176F2D18F28F00ECCA06 /* FirebaseRemoteConfig */ = {
			isa = XCSwiftPackageProductDependency;
			package = 9B0517462D18F12A00ECCA06 /* XCRemoteSwiftPackageReference "firebase-ios-sdk" */;
			productName = FirebaseRemoteConfig;
		};
		9B0517712D18F28F00ECCA06 /* FirebaseStorage */ = {
			isa = XCSwiftPackageProductDependency;
			package = 9B0517462D18F12A00ECCA06 /* XCRemoteSwiftPackageReference "firebase-ios-sdk" */;
			productName = FirebaseStorage;
		};
		9B0517732D18F28F00ECCA06 /* FirebaseStorageCombine-Community */ = {
			isa = XCSwiftPackageProductDependency;
			package = 9B0517462D18F12A00ECCA06 /* XCRemoteSwiftPackageReference "firebase-ios-sdk" */;
			productName = "FirebaseStorageCombine-Community";
		};
		9B0517752D18F28F00ECCA06 /* FirebaseVertexAI */ = {
			isa = XCSwiftPackageProductDependency;
			package = 9B0517462D18F12A00ECCA06 /* XCRemoteSwiftPackageReference "firebase-ios-sdk" */;
			productName = FirebaseVertexAI;
		};
		9B0517782D18F35900ECCA06 /* GoogleSignIn */ = {
			isa = XCSwiftPackageProductDependency;
			package = 9B0517772D18F35900ECCA06 /* XCRemoteSwiftPackageReference "GoogleSignIn-iOS" */;
			productName = GoogleSignIn;
		};
		9B05177A2D18F35900ECCA06 /* GoogleSignInSwift */ = {
			isa = XCSwiftPackageProductDependency;
			package = 9B0517772D18F35900ECCA06 /* XCRemoteSwiftPackageReference "GoogleSignIn-iOS" */;
			productName = GoogleSignInSwift;
		};
/* End XCSwiftPackageProductDependency section */
	};
	rootObject = 9B0517092D18F03200ECCA06 /* Project object */;
}
